
Microsoft Visual Studio Solution File, Format Version 12.00
# Visual Studio Version 16
VisualStudioVersion = 25.0.1706.8
MinimumVisualStudioVersion = 10.0.40219.1
Project("{FAE04EC0-301F-11D3-BF4B-00C04F79EFBC}") = "oldStyleApp", "oldStyleApp\oldStyleApp.csproj", "{0D2B4CB7-379C-4708-B659-48D3ADDD3FEA}"
EndProject
Global
	GlobalSection(SolutionConfigurationPlatforms) = preSolution
		Debug|Any CPU = Debug|Any CPU
		Release|Any CPU = Release|Any CPU
	EndGlobalSection
	GlobalSection(ProjectConfigurationPlatforms) = postSolution
		{0D2B4CB7-379C-4708-B659-48D3ADDD3FEA}.Debug|Any CPU.ActiveCfg = Debug|Any CPU
		{0D2B4CB7-379C-4708-B659-48D3ADDD3FEA}.Debug|Any CPU.Build.0 = Debug|Any CPU
		{0D2B4CB7-379C-4708-B659-48D3ADDD3FEA}.Release|Any CPU.ActiveCfg = Release|Any CPU
		{0D2B4CB7-379C-4708-B659-48D3ADDD3FEA}.Release|Any CPU.Build.0 = Release|Any CPU
	EndGlobalSection
	GlobalSection(SolutionProperties) = preSolution
		HideSolutionNode = FALSE
	EndGlobalSection
	GlobalSection(ExtensibilityGlobals) = postSolution
		SolutionGuid = {29490AF5-1D7A-4708-BFED-6DD5E1382BC2}
	EndGlobalSection
EndGlobal
